
Microsoft Visual Studio Solution File, Format Version 12.00
# Visual Studio Version 17
VisualStudioVersion = 17.0.32112.339
MinimumVisualStudioVersion = 10.0.40219.1
Project("{9A19103F-16F7-4668-BE54-9A1E7A4F7556}") = "TravelCompanyView", "TravelCompanyView\TravelCompanyView.csproj", "{E2E77AF3-9266-4AED-9E96-502020962BD8}"
EndProject
Project("{9A19103F-16F7-4668-BE54-9A1E7A4F7556}") = "TravelCompanyContracts", "TravelCompanyContracts\TravelCompanyContracts.csproj", "{F8484ABF-A0BA-4C43-BBAD-BE3C7410FB36}"
EndProject
Project("{9A19103F-16F7-4668-BE54-9A1E7A4F7556}") = "TravelCompanyBusinessLogic", "TravelCompanyBusinessLogic\TravelCompanyBusinessLogic.csproj", "{A6492F6D-C278-4727-BEC1-EAD16C47A072}"
EndProject
Project("{9A19103F-16F7-4668-BE54-9A1E7A4F7556}") = "TravelCompanyListImplement", "TravelCompanyListImplement\TravelCompanyListImplement.csproj", "{554CF070-3985-40B7-BAF1-3074D805C134}"
EndProject
Project("{9A19103F-16F7-4668-BE54-9A1E7A4F7556}") = "TravelCompanyFileImplement", "TravelCompanyFileImplement\TravelCompanyFileImplement.csproj", "{5EFE371B-15BF-4A5B-8465-049B57272374}"
EndProject
Project("{9A19103F-16F7-4668-BE54-9A1E7A4F7556}") = "TravelCompanyDatabaseImplement", "TravelCompanyDatabaseImplement\TravelCompanyDatabaseImplement.csproj", "{64FFB87D-2941-4163-821A-B6DCCD17A877}"
EndProject
Project("{FAE04EC0-301F-11D3-BF4B-00C04F79EFBC}") = "TravelCompanyRestApi", "TravelCompanyRestApi\TravelCompanyRestApi.csproj", "{33CE3094-375B-496F-BB97-474E6CB2BA0C}"
EndProject
Global
	GlobalSection(SolutionConfigurationPlatforms) = preSolution
		Debug|Any CPU = Debug|Any CPU
		Release|Any CPU = Release|Any CPU
	EndGlobalSection
	GlobalSection(ProjectConfigurationPlatforms) = postSolution
		{E2E77AF3-9266-4AED-9E96-502020962BD8}.Debug|Any CPU.ActiveCfg = Debug|Any CPU
		{E2E77AF3-9266-4AED-9E96-502020962BD8}.Debug|Any CPU.Build.0 = Debug|Any CPU
		{E2E77AF3-9266-4AED-9E96-502020962BD8}.Release|Any CPU.ActiveCfg = Release|Any CPU
		{E2E77AF3-9266-4AED-9E96-502020962BD8}.Release|Any CPU.Build.0 = Release|Any CPU
		{F8484ABF-A0BA-4C43-BBAD-BE3C7410FB36}.Debug|Any CPU.ActiveCfg = Debug|Any CPU
		{F8484ABF-A0BA-4C43-BBAD-BE3C7410FB36}.Debug|Any CPU.Build.0 = Debug|Any CPU
		{F8484ABF-A0BA-4C43-BBAD-BE3C7410FB36}.Release|Any CPU.ActiveCfg = Release|Any CPU
		{F8484ABF-A0BA-4C43-BBAD-BE3C7410FB36}.Release|Any CPU.Build.0 = Release|Any CPU
		{A6492F6D-C278-4727-BEC1-EAD16C47A072}.Debug|Any CPU.ActiveCfg = Debug|Any CPU
		{A6492F6D-C278-4727-BEC1-EAD16C47A072}.Debug|Any CPU.Build.0 = Debug|Any CPU
		{A6492F6D-C278-4727-BEC1-EAD16C47A072}.Release|Any CPU.ActiveCfg = Release|Any CPU
		{A6492F6D-C278-4727-BEC1-EAD16C47A072}.Release|Any CPU.Build.0 = Release|Any CPU
		{554CF070-3985-40B7-BAF1-3074D805C134}.Debug|Any CPU.ActiveCfg = Debug|Any CPU
		{554CF070-3985-40B7-BAF1-3074D805C134}.Debug|Any CPU.Build.0 = Debug|Any CPU
		{554CF070-3985-40B7-BAF1-3074D805C134}.Release|Any CPU.ActiveCfg = Release|Any CPU
		{554CF070-3985-40B7-BAF1-3074D805C134}.Release|Any CPU.Build.0 = Release|Any CPU
		{5EFE371B-15BF-4A5B-8465-049B57272374}.Debug|Any CPU.ActiveCfg = Debug|Any CPU
		{5EFE371B-15BF-4A5B-8465-049B57272374}.Debug|Any CPU.Build.0 = Debug|Any CPU
		{5EFE371B-15BF-4A5B-8465-049B57272374}.Release|Any CPU.ActiveCfg = Release|Any CPU
		{5EFE371B-15BF-4A5B-8465-049B57272374}.Release|Any CPU.Build.0 = Release|Any CPU
		{64FFB87D-2941-4163-821A-B6DCCD17A877}.Debug|Any CPU.ActiveCfg = Debug|Any CPU
		{64FFB87D-2941-4163-821A-B6DCCD17A877}.Debug|Any CPU.Build.0 = Debug|Any CPU
		{64FFB87D-2941-4163-821A-B6DCCD17A877}.Release|Any CPU.ActiveCfg = Release|Any CPU
		{64FFB87D-2941-4163-821A-B6DCCD17A877}.Release|Any CPU.Build.0 = Release|Any CPU
		{33CE3094-375B-496F-BB97-474E6CB2BA0C}.Debug|Any CPU.ActiveCfg = Debug|Any CPU
		{33CE3094-375B-496F-BB97-474E6CB2BA0C}.Debug|Any CPU.Build.0 = Debug|Any CPU
		{33CE3094-375B-496F-BB97-474E6CB2BA0C}.Release|Any CPU.ActiveCfg = Release|Any CPU
		{33CE3094-375B-496F-BB97-474E6CB2BA0C}.Release|Any CPU.Build.0 = Release|Any CPU
	EndGlobalSection
	GlobalSection(SolutionProperties) = preSolution
		HideSolutionNode = FALSE
	EndGlobalSection
	GlobalSection(ExtensibilityGlobals) = postSolution
		SolutionGuid = {54506FA8-8882-435D-916B-18353484349A}
	EndGlobalSection
EndGlobal
